
Microsoft Visual Studio Solution File, Format Version 12.00
# Visual Studio 2013
VisualStudioVersion = 12.0.21005.1
MinimumVisualStudioVersion = 10.0.40219.1
Project("{FAE04EC0-301F-11D3-BF4B-00C04F79EFBC}") = "Pantry.Data", "Pantry.Data\Pantry.Data.csproj", "{B4533311-6441-43E3-B21C-9443A165BB13}"
EndProject
Project("{FAE04EC0-301F-11D3-BF4B-00C04F79EFBC}") = "Pantry.Console", "Pantry.Console\Pantry.Console.csproj", "{FF72C2E6-B106-4349-8D46-A7A0007B6BC6}"
EndProject
Project("{FAE04EC0-301F-11D3-BF4B-00C04F79EFBC}") = "Pantry.Business", "Pantry.Business\Pantry.Business.csproj", "{156DE4F5-15AF-4F69-8C39-4F3B0C53F5D3}"
EndProject
Project("{FAE04EC0-301F-11D3-BF4B-00C04F79EFBC}") = "Pantry.Services", "Pantry.Services\Pantry.Services.csproj", "{E8B6BD9A-BB9A-401B-B5D6-A9C058989419}"
EndProject
Global
	GlobalSection(SolutionConfigurationPlatforms) = preSolution
		Debug|Any CPU = Debug|Any CPU
		Release|Any CPU = Release|Any CPU
	EndGlobalSection
	GlobalSection(ProjectConfigurationPlatforms) = postSolution
		{B4533311-6441-43E3-B21C-9443A165BB13}.Debug|Any CPU.ActiveCfg = Debug|Any CPU
		{B4533311-6441-43E3-B21C-9443A165BB13}.Debug|Any CPU.Build.0 = Debug|Any CPU
		{B4533311-6441-43E3-B21C-9443A165BB13}.Release|Any CPU.ActiveCfg = Release|Any CPU
		{B4533311-6441-43E3-B21C-9443A165BB13}.Release|Any CPU.Build.0 = Release|Any CPU
		{FF72C2E6-B106-4349-8D46-A7A0007B6BC6}.Debug|Any CPU.ActiveCfg = Debug|Any CPU
		{FF72C2E6-B106-4349-8D46-A7A0007B6BC6}.Debug|Any CPU.Build.0 = Debug|Any CPU
		{FF72C2E6-B106-4349-8D46-A7A0007B6BC6}.Release|Any CPU.ActiveCfg = Release|Any CPU
		{FF72C2E6-B106-4349-8D46-A7A0007B6BC6}.Release|Any CPU.Build.0 = Release|Any CPU
		{156DE4F5-15AF-4F69-8C39-4F3B0C53F5D3}.Debug|Any CPU.ActiveCfg = Debug|Any CPU
		{156DE4F5-15AF-4F69-8C39-4F3B0C53F5D3}.Debug|Any CPU.Build.0 = Debug|Any CPU
		{156DE4F5-15AF-4F69-8C39-4F3B0C53F5D3}.Release|Any CPU.ActiveCfg = Release|Any CPU
		{156DE4F5-15AF-4F69-8C39-4F3B0C53F5D3}.Release|Any CPU.Build.0 = Release|Any CPU
		{E8B6BD9A-BB9A-401B-B5D6-A9C058989419}.Debug|Any CPU.ActiveCfg = Debug|Any CPU
		{E8B6BD9A-BB9A-401B-B5D6-A9C058989419}.Debug|Any CPU.Build.0 = Debug|Any CPU
		{E8B6BD9A-BB9A-401B-B5D6-A9C058989419}.Release|Any CPU.ActiveCfg = Release|Any CPU
		{E8B6BD9A-BB9A-401B-B5D6-A9C058989419}.Release|Any CPU.Build.0 = Release|Any CPU
	EndGlobalSection
	GlobalSection(SolutionProperties) = preSolution
		HideSolutionNode = FALSE
	EndGlobalSection
EndGlobal
